Microsoft Visual Studio Solution File, Format Version 12.00
# Visual Studio Version 17
VisualStudioVersion = 17.0.31903.59
MinimumVisualStudioVersion = 10.0.40219.1
Project("{FAE04EC0-301F-11D3-BF4B-00C04F79EFBC}") = "LegacyMigrationDemo", "src\LegacyMigrationDemo\LegacyMigrationDemo.csproj", "{2F8B4C91-6D0E-4A6F-9C2B-1E7D3A5B8F01}"
EndProject
Project("{FAE04EC0-301F-11D3-BF4B-00C04F79EFBC}") = "LegacyMigrationDemo.Core", "src\LegacyMigrationDemo.Core\LegacyMigrationDemo.Core.csproj", "{6A1D9E43-8F2B-4C11-B5D9-7E4A2C6F9012}"
EndProject
Project("{FAE04EC0-301F-11D3-BF4B-00C04F79EFBC}") = "LegacyMigrationDemo.Integrations", "src\LegacyMigrationDemo.Integrations\LegacyMigrationDemo.Integrations.csproj", "{B4C7E5A2-91F3-4D8E-BC12-6A0E3F7D4529}"
EndProject
Global
	GlobalSection(SolutionConfigurationPlatforms) = preSolution
		Debug|Any CPU = Debug|Any CPU
		Release|Any CPU = Release|Any CPU
	EndGlobalSection
	GlobalSection(ProjectConfigurationPlatforms) = postSolution
		{2F8B4C91-6D0E-4A6F-9C2B-1E7D3A5B8F01}.Debug|Any CPU.ActiveCfg = Debug|Any CPU
		{2F8B4C91-6D0E-4A6F-9C2B-1E7D3A5B8F01}.Debug|Any CPU.Build.0 = Debug|Any CPU
		{2F8B4C91-6D0E-4A6F-9C2B-1E7D3A5B8F01}.Release|Any CPU.ActiveCfg = Release|Any CPU
		{2F8B4C91-6D0E-4A6F-9C2B-1E7D3A5B8F01}.Release|Any CPU.Build.0 = Release|Any CPU
		{6A1D9E43-8F2B-4C11-B5D9-7E4A2C6F9012}.Debug|Any CPU.ActiveCfg = Debug|Any CPU
		{6A1D9E43-8F2B-4C11-B5D9-7E4A2C6F9012}.Debug|Any CPU.Build.0 = Debug|Any CPU
		{6A1D9E43-8F2B-4C11-B5D9-7E4A2C6F9012}.Release|Any CPU.ActiveCfg = Release|Any CPU
		{6A1D9E43-8F2B-4C11-B5D9-7E4A2C6F9012}.Release|Any CPU.Build.0 = Release|Any CPU
		{B4C7E5A2-91F3-4D8E-BC12-6A0E3F7D4529}.Debug|Any CPU.ActiveCfg = Debug|Any CPU
		{B4C7E5A2-91F3-4D8E-BC12-6A0E3F7D4529}.Debug|Any CPU.Build.0 = Debug|Any CPU
		{B4C7E5A2-91F3-4D8E-BC12-6A0E3F7D4529}.Release|Any CPU.ActiveCfg = Release|Any CPU
		{B4C7E5A2-91F3-4D8E-BC12-6A0E3F7D4529}.Release|Any CPU.Build.0 = Release|Any CPU
	EndGlobalSection
EndGlobal
